{
  "version": 4,
  "terraform_version": "1.15.8",
  "serial": 10,
  "lineage": "0d1f2470-8820-a59a-7419-5e680d06378b",
  "outputs": {
    "development_ou_id": {
      "value": "ou-x406-do2g0ohx",
      "type": "string"
    },
    "development_security_scp_id": {
      "value": "p-ehjavy6j",
      "type": "string"
    },
    "infrastructure_ou_id": {
      "value": "ou-x406-0rm28c6m",
      "type": "string"
    },
    "organization_id": {
      "value": "o-fwk5ayvpk3",
      "type": "string"
    },
    "organization_root_id": {
      "value": "r-x406",
      "type": "string"
    },
    "production_ou_id": {
      "value": "ou-x406-eso7t0pj",
      "type": "string"
    },
    "security_ou_id": {
      "value": "ou-x406-nhf3gz36",
      "type": "string"
    },
    "uat_ou_id": {
      "value": "ou-x406-9izzzawr",
      "type": "string"
    },
    "workloads_ou_id": {
      "value": "ou-x406-cqo45ouo",
      "type": "string"
    }
  },
  "resources": [
    {
      "mode": "data",
      "type": "aws_organizations_organization",
      "name": "current",
      "provider": "provider[\"registry.terraform.io/hashicorp/aws\"]",
      "instances": [
        {
          "schema_version": 0,
          "attributes": {
            "accounts": [
              {
                "arn": "arn:aws:organizations::932913321104:account/o-fwk5ayvpk3/932913321104",
                "email": "aqua72aws@gmail.com",
                "id": "932913321104",
                "joined_method": "INVITED",
                "joined_timestamp": "2026-09-17T04:28:00Z",
                "name": "Aqua72",
                "state": "ACTIVE",
                "status": "ACTIVE"
              }
            ],
            "arn": "arn:aws:organizations::932913321104:organization/o-fwk5ayvpk3",
            "aws_service_access_principals": [],
            "enabled_policy_types": [],
            "feature_set": "ALL",
            "id": "o-fwk5ayvpk3",
            "master_account_arn": "arn:aws:organizations::932913321104:account/o-fwk5ayvpk3/932913321104",
            "master_account_email": "aqua72aws@gmail.com",
            "master_account_id": "932913321104",
            "master_account_name": "Aqua72",
            "non_master_accounts": [],
            "return_organization_only": null,
            "roots": [
              {
                "arn": "arn:aws:organizations::932913321104:root/o-fwk5ayvpk3/r-x406",
                "id": "r-x406",
                "name": "Root",
                "policy_types": []
              }
            ]
          },
          "sensitive_attributes": [],
          "identity_schema_version": 0
        }
      ]
    },
    {
      "module": "module.development_ou",
      "mode": "managed",
      "type": "aws_organizations_organizational_unit",
      "name": "this",
      "provider": "provider[\"registry.terraform.io/hashicorp/aws\"]",
      "instances": [
        {
          "schema_version": 0,
          "attributes": {
            "accounts": [],
            "arn": "arn:aws:organizations::932913321104:ou/o-fwk5ayvpk3/ou-x406-do2g0ohx",
            "id": "ou-x406-do2g0ohx",
            "name": "Development",
            "parent_id": "ou-x406-cqo45ouo",
            "tags": {},
            "tags_all": {}
          },
          "sensitive_attributes": [],
          "identity_schema_version": 0,
          "identity": {
            "account_id": "932913321104",
            "id": "ou-x406-do2g0ohx"
          },
          "private": "bnVsbA==",
          "dependencies": [
            "data.aws_organizations_organization.current",
            "module.workloads_ou.aws_organizations_organizational_unit.this"
          ]
        }
      ]
    },
    {
      "module": "module.development_security_scp",
      "mode": "managed",
      "type": "aws_organizations_policy",
      "name": "this",
      "provider": "provider[\"registry.terraform.io/hashicorp/aws\"]",
      "instances": [
        {
          "schema_version": 0,
          "attributes": {
            "arn": "arn:aws:organizations::932913321104:policy/o-fwk5ayvpk3/service_control_policy/p-ehjavy6j",
            "content": "{\n    \"Version\": \"2012-10-17\",\n    \"Statement\": [\n      {\n        \"Sid\": \"ProtectCloudTrail\",\n        \"Effect\": \"Deny\",\n        \"Action\": [\n          \"cloudtrail:StopLogging\",\n          \"cloudtrail:DeleteTrail\"\n        ],\n        \"Resource\": \"*\"\n      },\n      {\n        \"Sid\": \"ProtectAWSConfig\",\n        \"Effect\": \"Deny\",\n        \"Action\": [\n          \"config:DeleteConfigurationRecorder\",\n          \"config:DeleteDeliveryChannel\",\n          \"config:StopConfigurationRecorder\"\n        ],\n        \"Resource\": \"*\"\n      }\n    ]\n  }",
            "description": "Prevents workload accounts from disabling CloudTrail and AWS Config",
            "id": "p-ehjavy6j",
            "name": "ProtectSecurityServices",
            "skip_destroy": null,
            "tags": null,
            "tags_all": {},
            "type": "SERVICE_CONTROL_POLICY"
          },
          "sensitive_attributes": [],
          "identity_schema_version": 0,
          "identity": {
            "account_id": "932913321104",
            "id": "p-ehjavy6j"
          },
          "private": "bnVsbA=="
        }
      ]
    },
    {
      "module": "module.infrastructure_ou",
      "mode": "managed",
      "type": "aws_organizations_organizational_unit",
      "name": "this",
      "provider": "provider[\"registry.terraform.io/hashicorp/aws\"]",
      "instances": [
        {
          "schema_version": 0,
          "attributes": {
            "accounts": [],
            "arn": "arn:aws:organizations::932913321104:ou/o-fwk5ayvpk3/ou-x406-0rm28c6m",
            "id": "ou-x406-0rm28c6m",
            "name": "Infrastructure",
            "parent_id": "r-x406",
            "tags": {},
            "tags_all": {}
          },
          "sensitive_attributes": [],
          "identity_schema_version": 0,
          "identity": {
            "account_id": "932913321104",
            "id": "ou-x406-0rm28c6m"
          },
          "private": "bnVsbA==",
          "dependencies": [
            "data.aws_organizations_organization.current"
          ]
        }
      ]
    },
    {
      "module": "module.production_ou",
      "mode": "managed",
      "type": "aws_organizations_organizational_unit",
      "name": "this",
      "provider": "provider[\"registry.terraform.io/hashicorp/aws\"]",
      "instances": [
        {
          "schema_version": 0,
          "attributes": {
            "accounts": [],
            "arn": "arn:aws:organizations::932913321104:ou/o-fwk5ayvpk3/ou-x406-eso7t0pj",
            "id": "ou-x406-eso7t0pj",
            "name": "Production",
            "parent_id": "ou-x406-cqo45ouo",
            "tags": {},
            "tags_all": {}
          },
          "sensitive_attributes": [],
          "identity_schema_version": 0,
          "identity": {
            "account_id": "932913321104",
            "id": "ou-x406-eso7t0pj"
          },
          "private": "bnVsbA==",
          "dependencies": [
            "data.aws_organizations_organization.current",
            "module.workloads_ou.aws_organizations_organizational_unit.this"
          ]
        }
      ]
    },
    {
      "module": "module.security_ou",
      "mode": "managed",
      "type": "aws_organizations_organizational_unit",
      "name": "this",
      "provider": "provider[\"registry.terraform.io/hashicorp/aws\"]",
      "instances": [
        {
          "schema_version": 0,
          "attributes": {
            "accounts": [],
            "arn": "arn:aws:organizations::932913321104:ou/o-fwk5ayvpk3/ou-x406-nhf3gz36",
            "id": "ou-x406-nhf3gz36",
            "name": "Security",
            "parent_id": "r-x406",
            "tags": {},
            "tags_all": {}
          },
          "sensitive_attributes": [],
          "identity_schema_version": 0,
          "identity": {
            "account_id": "932913321104",
            "id": "ou-x406-nhf3gz36"
          },
          "private": "bnVsbA==",
          "dependencies": [
            "data.aws_organizations_organization.current"
          ]
        }
      ]
    },
    {
      "module": "module.uat_ou",
      "mode": "managed",
      "type": "aws_organizations_organizational_unit",
      "name": "this",
      "provider": "provider[\"registry.terraform.io/hashicorp/aws\"]",
      "instances": [
        {
          "schema_version": 0,
          "attributes": {
            "accounts": [],
            "arn": "arn:aws:organizations::932913321104:ou/o-fwk5ayvpk3/ou-x406-9izzzawr",
            "id": "ou-x406-9izzzawr",
            "name": "UAT",
            "parent_id": "ou-x406-cqo45ouo",
            "tags": {},
            "tags_all": {}
          },
          "sensitive_attributes": [],
          "identity_schema_version": 0,
          "identity": {
            "account_id": "932913321104",
            "id": "ou-x406-9izzzawr"
          },
          "private": "bnVsbA==",
          "dependencies": [
            "data.aws_organizations_organization.current",
            "module.workloads_ou.aws_organizations_organizational_unit.this"
          ]
        }
      ]
    },
    {
      "module": "module.workloads_ou",
      "mode": "managed",
      "type": "aws_organizations_organizational_unit",
      "name": "this",
      "provider": "provider[\"registry.terraform.io/hashicorp/aws\"]",
      "instances": [
        {
          "schema_version": 0,
          "attributes": {
            "accounts": [],
            "arn": "arn:aws:organizations::932913321104:ou/o-fwk5ayvpk3/ou-x406-cqo45ouo",
            "id": "ou-x406-cqo45ouo",
            "name": "Workloads",
            "parent_id": "r-x406",
            "tags": {},
            "tags_all": {}
          },
          "sensitive_attributes": [],
          "identity_schema_version": 0,
          "identity": {
            "account_id": "932913321104",
            "id": "ou-x406-cqo45ouo"
          },
          "private": "bnVsbA==",
          "dependencies": [
            "data.aws_organizations_organization.current"
          ]
        }
      ]
    }
  ],
  "check_results": null
}
